{
    "name": "wayland-explorer-listings",
    "lockfileVersion": 3,
    "requires": true,
    "packages": {
        "": {
            "name": "wayland-explorer-listings",
            "devDependencies": {
                "@types/node": "^16.7.10"
            }
        },
        "node_modules/@types/node": {
            "version": "16.18.126",
            "resolved": "https://registry.npmjs.org/@types/node/-/node-16.18.126.tgz",
            "integrity": "sha512-OTcgaiwfGFBKacvfwuHzzn1KLxH/er8mluiy8/uM3sGXHaRe73RrSIj01jow9t4kJEW633Ov+cOexXeiApTyAw==",
            "dev": true,
            "license": "MIT"
        }
    }
}
